
Microsoft Visual Studio Solution File, Format Version 12.00
# Visual Studio Version 17
VisualStudioVersion = 17.5.33414.496
MinimumVisualStudioVersion = 10.0.40219.1
Project("{9A19103F-16F7-4668-BE54-9A1E7A4F7556}") = "Lab04", "21521581_21520406\Lab04.csproj", "{D29ED54D-773D-42E1-9A82-E5833771BAD2}"
EndProject
Global
	GlobalSection(SolutionConfigurationPlatforms) = preSolution
		Debug|Any CPU = Debug|Any CPU
		Release|Any CPU = Release|Any CPU
	EndGlobalSection
	GlobalSection(ProjectConfigurationPlatforms) = postSolution
		{D29ED54D-773D-42E1-9A82-E5833771BAD2}.Debug|Any CPU.ActiveCfg = Debug|Any CPU
		{D29ED54D-773D-42E1-9A82-E5833771BAD2}.Debug|Any CPU.Build.0 = Debug|Any CPU
		{D29ED54D-773D-42E1-9A82-E5833771BAD2}.Release|Any CPU.ActiveCfg = Release|Any CPU
		{D29ED54D-773D-42E1-9A82-E5833771BAD2}.Release|Any CPU.Build.0 = Release|Any CPU
	EndGlobalSection
	GlobalSection(SolutionProperties) = preSolution
		HideSolutionNode = FALSE
	EndGlobalSection
	GlobalSection(ExtensibilityGlobals) = postSolution
		SolutionGuid = {B9A37C5A-7417-4CEA-B92A-14958AB6EF97}
	EndGlobalSection
EndGlobal
